// !$*UTF8*$!
{
	archiveVersion = 1;
	classes = {
	};
	objectVersion = 56;
	objects = {

/* Begin PBXBuildFile section */
		A122247F2922EE78005CAD8E /* AppDelegate.swift in Sources */ = {isa = PBXBuildFile; fileRef = A122247E2922EE78005CAD8E /* AppDelegate.swift */; };
		A12224812922EE78005CAD8E /* SceneDelegate.swift in Sources */ = {isa = PBXBuildFile; fileRef = A12224802922EE78005CAD8E /* SceneDelegate.swift */; };
		A12224832922EE78005CAD8E /* LoginViewController.swift in Sources */ = {isa = PBXBuildFile; fileRef = A12224822922EE78005CAD8E /* LoginViewController.swift */; };
		A12224862922EE78005CAD8E /* Main.storyboard in Resources */ = {isa = PBXBuildFile; fileRef = A12224842922EE78005CAD8E /* Main.storyboard */; };
		A12224882922EE7A005CAD8E /* Assets.xcassets in Resources */ = {isa = PBXBuildFile; fileRef = A12224872922EE7A005CAD8E /* Assets.xcassets */; };
		A122248B2922EE7A005CAD8E /* LaunchScreen.storyboard in Resources */ = {isa = PBXBuildFile; fileRef = A12224892922EE7A005CAD8E /* LaunchScreen.storyboard */; };
		A122249429240B37005CAD8E /* HomeTab.storyboard in Resources */ = {isa = PBXBuildFile; fileRef = A122249329240B37005CAD8E /* HomeTab.storyboard */; };
		A122249729240BAC005CAD8E /* FavoriteTab.storyboard in Resources */ = {isa = PBXBuildFile; fileRef = A122249529240BAC005CAD8E /* FavoriteTab.storyboard */; };
		A122249929240C06005CAD8E /* SettingsTab.storyboard in Resources */ = {isa = PBXBuildFile; fileRef = A122249829240C06005CAD8E /* SettingsTab.storyboard */; };
		A122249B29258CDD005CAD8E /* AddListingScreen.storyboard in Resources */ = {isa = PBXBuildFile; fileRef = A122249A29258CDD005CAD8E /* AddListingScreen.storyboard */; };
		A122249D29258D3D005CAD8E /* LoginScreen.storyboard in Resources */ = {isa = PBXBuildFile; fileRef = A122249C29258D3D005CAD8E /* LoginScreen.storyboard */; };
		A1494934292D3D510000FEB0 /* HomeListingCollectionViewCell.swift in Sources */ = {isa = PBXBuildFile; fileRef = A1494933292D3D510000FEB0 /* HomeListingCollectionViewCell.swift */; };
		A196223E292C257100D7DA65 /* Listing.swift in Sources */ = {isa = PBXBuildFile; fileRef = A196223D292C257100D7DA65 /* Listing.swift */; };
		A1962241292C3F6200D7DA65 /* HomeListingCollectionViewController.swift in Sources */ = {isa = PBXBuildFile; fileRef = A1962240292C3F6200D7DA65 /* HomeListingCollectionViewController.swift */; };
		A1962243292C3F8600D7DA65 /* HomeListingViewModel.swift in Sources */ = {isa = PBXBuildFile; fileRef = A1962242292C3F8500D7DA65 /* HomeListingViewModel.swift */; };
		A1962248292C40F000D7DA65 /* LoginViewModel.swift in Sources */ = {isa = PBXBuildFile; fileRef = A1962247292C40F000D7DA65 /* LoginViewModel.swift */; };
		A196224B292C413600D7DA65 /* AddListingViewModel.swift in Sources */ = {isa = PBXBuildFile; fileRef = A196224A292C413600D7DA65 /* AddListingViewModel.swift */; };
		A196224D292C419500D7DA65 /* AddListingViewController.swift in Sources */ = {isa = PBXBuildFile; fileRef = A196224C292C419500D7DA65 /* AddListingViewController.swift */; };
		A1962251292C426200D7DA65 /* FavoriteTabCollectionViewController.swift in Sources */ = {isa = PBXBuildFile; fileRef = A1962250292C426200D7DA65 /* FavoriteTabCollectionViewController.swift */; };
		A1962253292C427600D7DA65 /* FavoriteTabCollectionViewCell.swift in Sources */ = {isa = PBXBuildFile; fileRef = A1962252292C427600D7DA65 /* FavoriteTabCollectionViewCell.swift */; };
		A1962255292C429500D7DA65 /* FavoriteViewModel.swift in Sources */ = {isa = PBXBuildFile; fileRef = A1962254292C429500D7DA65 /* FavoriteViewModel.swift */; };
		A1962258292C434B00D7DA65 /* SettingsTabViewModel.swift in Sources */ = {isa = PBXBuildFile; fileRef = A1962257292C434B00D7DA65 /* SettingsTabViewModel.swift */; };
		A196225A292C438000D7DA65 /* SettingsTabTableViewController.swift in Sources */ = {isa = PBXBuildFile; fileRef = A1962259292C438000D7DA65 /* SettingsTabTableViewController.swift */; };
		A1ACF306292EF41E006BFC52 /* MyAccount.storyboard in Resources */ = {isa = PBXBuildFile; fileRef = A1ACF305292EF41E006BFC52 /* MyAccount.storyboard */; };
		A1ACF308292EF468006BFC52 /* MyListings.storyboard in Resources */ = {isa = PBXBuildFile; fileRef = A1ACF307292EF468006BFC52 /* MyListings.storyboard */; };
		A1ACF30C292EF6AA006BFC52 /* CreateAccount.storyboard in Resources */ = {isa = PBXBuildFile; fileRef = A1ACF30B292EF6AA006BFC52 /* CreateAccount.storyboard */; };
		A1ACF30F292EF7DE006BFC52 /* MyAccountViewModel.swift in Sources */ = {isa = PBXBuildFile; fileRef = A1ACF30E292EF7DD006BFC52 /* MyAccountViewModel.swift */; };
		A1ACF311292EF811006BFC52 /* MyAccountViewController.swift in Sources */ = {isa = PBXBuildFile; fileRef = A1ACF310292EF811006BFC52 /* MyAccountViewController.swift */; };
		A1ACF313292EF88F006BFC52 /* MyListingsViewModel.swift in Sources */ = {isa = PBXBuildFile; fileRef = A1ACF312292EF88F006BFC52 /* MyListingsViewModel.swift */; };
		A1ACF315292EF8B6006BFC52 /* MyListingsCollectionViewCell.swift in Sources */ = {isa = PBXBuildFile; fileRef = A1ACF314292EF8B6006BFC52 /* MyListingsCollectionViewCell.swift */; };
		A1ACF317292EF8E4006BFC52 /* CreateAccountViewModel.swift in Sources */ = {isa = PBXBuildFile; fileRef = A1ACF316292EF8E4006BFC52 /* CreateAccountViewModel.swift */; };
		A1ACF319292EF8FE006BFC52 /* CreateAccountViewController.swift in Sources */ = {isa = PBXBuildFile; fileRef = A1ACF318292EF8FE006BFC52 /* CreateAccountViewController.swift */; };
		A1BE5D9B2932FED3002EFFFB /* MyListingsCollectionViewController.swift in Sources */ = {isa = PBXBuildFile; fileRef = A1BE5D9A2932FED3002EFFFB /* MyListingsCollectionViewController.swift */; };
/* End PBXBuildFile section */

/* Begin PBXFileReference section */
		A122247B2922EE78005CAD8E /* Tradeful-App.app */ = {isa = PBXFileReference; explicitFileType = wrapper.application; includeInIndex = 0; path = "Tradeful-App.app"; sourceTree = BUILT_PRODUCTS_DIR; };
		A122247E2922EE78005CAD8E /* AppDelegate.swift */ = {isa = PBXFileReference; lastKnownFileType = sourcecode.swift; path = AppDelegate.swift; sourceTree = "<group>"; };
		A12224802922EE78005CAD8E /* SceneDelegate.swift */ = {isa = PBXFileReference; lastKnownFileType = sourcecode.swift; path = SceneDelegate.swift; sourceTree = "<group>"; };
		A12224822922EE78005CAD8E /* LoginViewController.swift */ = {isa = PBXFileReference; lastKnownFileType = sourcecode.swift; path = LoginViewController.swift; sourceTree = "<group>"; };
		A12224852922EE78005CAD8E /* Base */ = {isa = PBXFileReference; lastKnownFileType = file.storyboard; name = Base; path = Base.lproj/Main.storyboard; sourceTree = "<group>"; };
		A12224872922EE7A005CAD8E /* Assets.xcassets */ = {isa = PBXFileReference; lastKnownFileType = folder.assetcatalog; path = Assets.xcassets; sourceTree = "<group>"; };
		A122248A2922EE7A005CAD8E /* Base */ = {isa = PBXFileReference; lastKnownFileType = file.storyboard; name = Base; path = Base.lproj/LaunchScreen.storyboard; sourceTree = "<group>"; };
		A122248C2922EE7A005CAD8E /* Info.plist */ = {isa = PBXFileReference; lastKnownFileType = text.plist.xml; path = Info.plist; sourceTree = "<group>"; };
		A122249329240B37005CAD8E /* HomeTab.storyboard */ = {isa = PBXFileReference; fileEncoding = 4; lastKnownFileType = file.storyboard; path = HomeTab.storyboard; sourceTree = "<group>"; };
		A122249629240BAC005CAD8E /* Base */ = {isa = PBXFileReference; lastKnownFileType = file.storyboard; name = Base; path = "Tradeful-App/Base.lproj/FavoriteTab.storyboard"; sourceTree = "<group>"; };
		A122249829240C06005CAD8E /* SettingsTab.storyboard */ = {isa = PBXFileReference; fileEncoding = 4; lastKnownFileType = file.storyboard; path = SettingsTab.storyboard; sourceTree = "<group>"; };
		A122249A29258CDD005CAD8E /* AddListingScreen.storyboard */ = {isa = PBXFileReference; fileEncoding = 4; lastKnownFileType = file.storyboard; path = AddListingScreen.storyboard; sourceTree = "<group>"; };
		A122249C29258D3D005CAD8E /* LoginScreen.storyboard */ = {isa = PBXFileReference; fileEncoding = 4; lastKnownFileType = file.storyboard; path = LoginScreen.storyboard; sourceTree = "<group>"; };
		A1494933292D3D510000FEB0 /* HomeListingCollectionViewCell.swift */ = {isa = PBXFileReference; lastKnownFileType = sourcecode.swift; path = HomeListingCollectionViewCell.swift; sourceTree = "<group>"; };
		A196223D292C257100D7DA65 /* Listing.swift */ = {isa = PBXFileReference; lastKnownFileType = sourcecode.swift; path = Listing.swift; sourceTree = "<group>"; };
		A1962240292C3F6200D7DA65 /* HomeListingCollectionViewController.swift */ = {isa = PBXFileReference; lastKnownFileType = sourcecode.swift; path = HomeListingCollectionViewController.swift; sourceTree = "<group>"; };
		A1962242292C3F8500D7DA65 /* HomeListingViewModel.swift */ = {isa = PBXFileReference; lastKnownFileType = sourcecode.swift; path = HomeListingViewModel.swift; sourceTree = "<group>"; };
		A1962247292C40F000D7DA65 /* LoginViewModel.swift */ = {isa = PBXFileReference; lastKnownFileType = sourcecode.swift; path = LoginViewModel.swift; sourceTree = "<group>"; };
		A196224A292C413600D7DA65 /* AddListingViewModel.swift */ = {isa = PBXFileReference; lastKnownFileType = sourcecode.swift; path = AddListingViewModel.swift; sourceTree = "<group>"; };
		A196224C292C419500D7DA65 /* AddListingViewController.swift */ = {isa = PBXFileReference; lastKnownFileType = sourcecode.swift; path = AddListingViewController.swift; sourceTree = "<group>"; };
		A1962250292C426200D7DA65 /* FavoriteTabCollectionViewController.swift */ = {isa = PBXFileReference; lastKnownFileType = sourcecode.swift; path = FavoriteTabCollectionViewController.swift; sourceTree = "<group>"; };
		A1962252292C427600D7DA65 /* FavoriteTabCollectionViewCell.swift */ = {isa = PBXFileReference; lastKnownFileType = sourcecode.swift; path = FavoriteTabCollectionViewCell.swift; sourceTree = "<group>"; };
		A1962254292C429500D7DA65 /* FavoriteViewModel.swift */ = {isa = PBXFileReference; lastKnownFileType = sourcecode.swift; path = FavoriteViewModel.swift; sourceTree = "<group>"; };
		A1962257292C434B00D7DA65 /* SettingsTabViewModel.swift */ = {isa = PBXFileReference; lastKnownFileType = sourcecode.swift; path = SettingsTabViewModel.swift; sourceTree = "<group>"; };
		A1962259292C438000D7DA65 /* SettingsTabTableViewController.swift */ = {isa = PBXFileReference; lastKnownFileType = sourcecode.swift; path = SettingsTabTableViewController.swift; sourceTree = "<group>"; };
		A1ACF305292EF41E006BFC52 /* MyAccount.storyboard */ = {isa = PBXFileReference; fileEncoding = 4; lastKnownFileType = file.storyboard; path = MyAccount.storyboard; sourceTree = "<group>"; };
		A1ACF307292EF468006BFC52 /* MyListings.storyboard */ = {isa = PBXFileReference; fileEncoding = 4; lastKnownFileType = file.storyboard; path = MyListings.storyboard; sourceTree = "<group>"; };
		A1ACF30B292EF6AA006BFC52 /* CreateAccount.storyboard */ = {isa = PBXFileReference; fileEncoding = 4; lastKnownFileType = file.storyboard; path = CreateAccount.storyboard; sourceTree = "<group>"; };
		A1ACF30E292EF7DD006BFC52 /* MyAccountViewModel.swift */ = {isa = PBXFileReference; lastKnownFileType = sourcecode.swift; path = MyAccountViewModel.swift; sourceTree = "<group>"; };
		A1ACF310292EF811006BFC52 /* MyAccountViewController.swift */ = {isa = PBXFileReference; lastKnownFileType = sourcecode.swift; path = MyAccountViewController.swift; sourceTree = "<group>"; };
		A1ACF312292EF88F006BFC52 /* MyListingsViewModel.swift */ = {isa = PBXFileReference; lastKnownFileType = sourcecode.swift; path = MyListingsViewModel.swift; sourceTree = "<group>"; };
		A1ACF314292EF8B6006BFC52 /* MyListingsCollectionViewCell.swift */ = {isa = PBXFileReference; lastKnownFileType = sourcecode.swift; path = MyListingsCollectionViewCell.swift; sourceTree = "<group>"; };
		A1ACF316292EF8E4006BFC52 /* CreateAccountViewModel.swift */ = {isa = PBXFileReference; lastKnownFileType = sourcecode.swift; path = CreateAccountViewModel.swift; sourceTree = "<group>"; };
		A1ACF318292EF8FE006BFC52 /* CreateAccountViewController.swift */ = {isa = PBXFileReference; lastKnownFileType = sourcecode.swift; path = CreateAccountViewController.swift; sourceTree = "<group>"; };
		A1BE5D9A2932FED3002EFFFB /* MyListingsCollectionViewController.swift */ = {isa = PBXFileReference; lastKnownFileType = sourcecode.swift; path = MyListingsCollectionViewController.swift; sourceTree = "<group>"; };
/* End PBXFileReference section */

/* Begin PBXFrameworksBuildPhase section */
		A12224782922EE78005CAD8E /* Frameworks */ = {
			isa = PBXFrameworksBuildPhase;
			buildActionMask = 2147483647;
			files = (
			);
			runOnlyForDeploymentPostprocessing = 0;
		};
/* End PBXFrameworksBuildPhase section */

/* Begin PBXGroup section */
		A12224722922EE78005CAD8E = {
			isa = PBXGroup;
			children = (
				A122247D2922EE78005CAD8E /* Tradeful-App */,
				A122247C2922EE78005CAD8E /* Products */,
			);
			sourceTree = "<group>";
		};
		A122247C2922EE78005CAD8E /* Products */ = {
			isa = PBXGroup;
			children = (
				A122247B2922EE78005CAD8E /* Tradeful-App.app */,
			);
			name = Products;
			sourceTree = "<group>";
		};
		A122247D2922EE78005CAD8E /* Tradeful-App */ = {
			isa = PBXGroup;
			children = (
				A12224922922F054005CAD8E /* Resources */,
				A196224E292C41BC00D7DA65 /* Model */,
				A196223F292C3EC400D7DA65 /* Home Tab */,
				A196224F292C41F000D7DA65 /* Favorites Tab */,
				A1962256292C42A300D7DA65 /* Settings Tab */,
				A1962246292C409E00D7DA65 /* Login */,
				A1962249292C411C00D7DA65 /* Add Listing */,
			);
			path = "Tradeful-App";
			sourceTree = "<group>";
		};
		A12224922922F054005CAD8E /* Resources */ = {
			isa = PBXGroup;
			children = (
				A122247E2922EE78005CAD8E /* AppDelegate.swift */,
				A12224802922EE78005CAD8E /* SceneDelegate.swift */,
				A12224872922EE7A005CAD8E /* Assets.xcassets */,
				A12224892922EE7A005CAD8E /* LaunchScreen.storyboard */,
				A122248C2922EE7A005CAD8E /* Info.plist */,
			);
			path = Resources;
			sourceTree = "<group>";
		};
		A196223F292C3EC400D7DA65 /* Home Tab */ = {
			isa = PBXGroup;
			children = (
				A12224842922EE78005CAD8E /* Main.storyboard */,
				A122249329240B37005CAD8E /* HomeTab.storyboard */,
				A1962242292C3F8500D7DA65 /* HomeListingViewModel.swift */,
				A1962240292C3F6200D7DA65 /* HomeListingCollectionViewController.swift */,
				A1494933292D3D510000FEB0 /* HomeListingCollectionViewCell.swift */,
			);
			path = "Home Tab";
			sourceTree = "<group>";
		};
		A1962246292C409E00D7DA65 /* Login */ = {
			isa = PBXGroup;
			children = (
				A122249C29258D3D005CAD8E /* LoginScreen.storyboard */,
				A1962247292C40F000D7DA65 /* LoginViewModel.swift */,
				A12224822922EE78005CAD8E /* LoginViewController.swift */,
				A1ACF30D292EF6B6006BFC52 /* Create Account */,
			);
			path = Login;
			sourceTree = "<group>";
		};
		A1962249292C411C00D7DA65 /* Add Listing */ = {
			isa = PBXGroup;
			children = (
				A122249A29258CDD005CAD8E /* AddListingScreen.storyboard */,
				A196224A292C413600D7DA65 /* AddListingViewModel.swift */,
				A196224C292C419500D7DA65 /* AddListingViewController.swift */,
			);
			path = "Add Listing";
			sourceTree = "<group>";
		};
		A196224E292C41BC00D7DA65 /* Model */ = {
			isa = PBXGroup;
			children = (
				A196223D292C257100D7DA65 /* Listing.swift */,
			);
			path = Model;
			sourceTree = "<group>";
		};
		A196224F292C41F000D7DA65 /* Favorites Tab */ = {
			isa = PBXGroup;
			children = (
				A122249529240BAC005CAD8E /* FavoriteTab.storyboard */,
				A1962254292C429500D7DA65 /* FavoriteViewModel.swift */,
				A1962250292C426200D7DA65 /* FavoriteTabCollectionViewController.swift */,
				A1962252292C427600D7DA65 /* FavoriteTabCollectionViewCell.swift */,
			);
			path = "Favorites Tab";
			sourceTree = "<group>";
		};
		A1962256292C42A300D7DA65 /* Settings Tab */ = {
			isa = PBXGroup;
			children = (
				A122249829240C06005CAD8E /* SettingsTab.storyboard */,
				A1962257292C434B00D7DA65 /* SettingsTabViewModel.swift */,
				A1962259292C438000D7DA65 /* SettingsTabTableViewController.swift */,
				A1ACF309292EF4FF006BFC52 /* My Account */,
				A1ACF30A292EF518006BFC52 /* My Listings */,
			);
			path = "Settings Tab";
			sourceTree = "<group>";
		};
		A1ACF309292EF4FF006BFC52 /* My Account */ = {
			isa = PBXGroup;
			children = (
				A1ACF305292EF41E006BFC52 /* MyAccount.storyboard */,
				A1ACF30E292EF7DD006BFC52 /* MyAccountViewModel.swift */,
				A1ACF310292EF811006BFC52 /* MyAccountViewController.swift */,
			);
			path = "My Account";
			sourceTree = "<group>";
		};
		A1ACF30A292EF518006BFC52 /* My Listings */ = {
			isa = PBXGroup;
			children = (
				A1ACF307292EF468006BFC52 /* MyListings.storyboard */,
				A1ACF312292EF88F006BFC52 /* MyListingsViewModel.swift */,
				A1BE5D9A2932FED3002EFFFB /* MyListingsCollectionViewController.swift */,
				A1ACF314292EF8B6006BFC52 /* MyListingsCollectionViewCell.swift */,
			);
			path = "My Listings";
			sourceTree = "<group>";
		};
		A1ACF30D292EF6B6006BFC52 /* Create Account */ = {
			isa = PBXGroup;
			children = (
				A1ACF30B292EF6AA006BFC52 /* CreateAccount.storyboard */,
				A1ACF316292EF8E4006BFC52 /* CreateAccountViewModel.swift */,
				A1ACF318292EF8FE006BFC52 /* CreateAccountViewController.swift */,
			);
			path = "Create Account";
			sourceTree = "<group>";
		};
/* End PBXGroup section */

/* Begin PBXNativeTarget section */
		A122247A2922EE78005CAD8E /* Tradeful-App */ = {
			isa = PBXNativeTarget;
			buildConfigurationList = A122248F2922EE7A005CAD8E /* Build configuration list for PBXNativeTarget "Tradeful-App" */;
			buildPhases = (
				A12224772922EE78005CAD8E /* Sources */,
				A12224782922EE78005CAD8E /* Frameworks */,
				A12224792922EE78005CAD8E /* Resources */,
			);
			buildRules = (
			);
			dependencies = (
			);
			name = "Tradeful-App";
			packageProductDependencies = (
			);
			productName = "Tradeful-App";
			productReference = A122247B2922EE78005CAD8E /* Tradeful-App.app */;
			productType = "com.apple.product-type.application";
		};
/* End PBXNativeTarget section */

/* Begin PBXProject section */
		A12224732922EE78005CAD8E /* Project object */ = {
			isa = PBXProject;
			attributes = {
				BuildIndependentTargetsInParallel = 1;
				LastSwiftUpdateCheck = 1400;
				LastUpgradeCheck = 1400;
				TargetAttributes = {
					A122247A2922EE78005CAD8E = {
						CreatedOnToolsVersion = 14.0.1;
					};
				};
			};
			buildConfigurationList = A12224762922EE78005CAD8E /* Build configuration list for PBXProject "Tradeful-App" */;
			compatibilityVersion = "Xcode 14.0";
			developmentRegion = en;
			hasScannedForEncodings = 0;
			knownRegions = (
				en,
				Base,
			);
			mainGroup = A12224722922EE78005CAD8E;
			packageReferences = (
			);
			productRefGroup = A122247C2922EE78005CAD8E /* Products */;
			projectDirPath = "";
			projectRoot = "";
			targets = (
				A122247A2922EE78005CAD8E /* Tradeful-App */,
			);
		};
/* End PBXProject section */

/* Begin PBXResourcesBuildPhase section */
		A12224792922EE78005CAD8E /* Resources */ = {
			isa = PBXResourcesBuildPhase;
			buildActionMask = 2147483647;
			files = (
				A122249729240BAC005CAD8E /* FavoriteTab.storyboard in Resources */,
				A122249B29258CDD005CAD8E /* AddListingScreen.storyboard in Resources */,
				A1ACF306292EF41E006BFC52 /* MyAccount.storyboard in Resources */,
				A122249929240C06005CAD8E /* SettingsTab.storyboard in Resources */,
				A122248B2922EE7A005CAD8E /* LaunchScreen.storyboard in Resources */,
				A1ACF308292EF468006BFC52 /* MyListings.storyboard in Resources */,
				A1ACF30C292EF6AA006BFC52 /* CreateAccount.storyboard in Resources */,
				A122249429240B37005CAD8E /* HomeTab.storyboard in Resources */,
				A12224882922EE7A005CAD8E /* Assets.xcassets in Resources */,
				A122249D29258D3D005CAD8E /* LoginScreen.storyboard in Resources */,
				A12224862922EE78005CAD8E /* Main.storyboard in Resources */,
			);
			runOnlyForDeploymentPostprocessing = 0;
		};
/* End PBXResourcesBuildPhase section */

/* Begin PBXSourcesBuildPhase section */
		A12224772922EE78005CAD8E /* Sources */ = {
			isa = PBXSourcesBuildPhase;
			buildActionMask = 2147483647;
			files = (
				A1ACF319292EF8FE006BFC52 /* CreateAccountViewController.swift in Sources */,
				A1BE5D9B2932FED3002EFFFB /* MyListingsCollectionViewController.swift in Sources */,
				A1962253292C427600D7DA65 /* FavoriteTabCollectionViewCell.swift in Sources */,
				A1962258292C434B00D7DA65 /* SettingsTabViewModel.swift in Sources */,
				A1ACF30F292EF7DE006BFC52 /* MyAccountViewModel.swift in Sources */,
				A1962241292C3F6200D7DA65 /* HomeListingCollectionViewController.swift in Sources */,
				A1494934292D3D510000FEB0 /* HomeListingCollectionViewCell.swift in Sources */,
				A1ACF313292EF88F006BFC52 /* MyListingsViewModel.swift in Sources */,
				A196225A292C438000D7DA65 /* SettingsTabTableViewController.swift in Sources */,
				A1962251292C426200D7DA65 /* FavoriteTabCollectionViewController.swift in Sources */,
				A12224832922EE78005CAD8E /* LoginViewController.swift in Sources */,
				A1962243292C3F8600D7DA65 /* HomeListingViewModel.swift in Sources */,
				A122247F2922EE78005CAD8E /* AppDelegate.swift in Sources */,
				A1962248292C40F000D7DA65 /* LoginViewModel.swift in Sources */,
				A196224D292C419500D7DA65 /* AddListingViewController.swift in Sources */,
				A196223E292C257100D7DA65 /* Listing.swift in Sources */,
				A1ACF315292EF8B6006BFC52 /* MyListingsCollectionViewCell.swift in Sources */,
				A196224B292C413600D7DA65 /* AddListingViewModel.swift in Sources */,
				A1ACF317292EF8E4006BFC52 /* CreateAccountViewModel.swift in Sources */,
				A12224812922EE78005CAD8E /* SceneDelegate.swift in Sources */,
				A1ACF311292EF811006BFC52 /* MyAccountViewController.swift in Sources */,
				A1962255292C429500D7DA65 /* FavoriteViewModel.swift in Sources */,
			);
			runOnlyForDeploymentPostprocessing = 0;
		};
/* End PBXSourcesBuildPhase section */

/* Begin PBXVariantGroup section */
		A12224842922EE78005CAD8E /* Main.storyboard */ = {
			isa = PBXVariantGroup;
			children = (
				A12224852922EE78005CAD8E /* Base */,
			);
			name = Main.storyboard;
			sourceTree = "<group>";
		};
		A12224892922EE7A005CAD8E /* LaunchScreen.storyboard */ = {
			isa = PBXVariantGroup;
			children = (
				A122248A2922EE7A005CAD8E /* Base */,
			);
			name = LaunchScreen.storyboard;
			sourceTree = "<group>";
		};
		A122249529240BAC005CAD8E /* FavoriteTab.storyboard */ = {
			isa = PBXVariantGroup;
			children = (
				A122249629240BAC005CAD8E /* Base */,
			);
			name = FavoriteTab.storyboard;
			sourceTree = "<group>";
		};
/* End PBXVariantGroup section */

/* Begin XCBuildConfiguration section */
		A122248D2922EE7A005CAD8E /* Debug */ = {
			isa = XCBuildConfiguration;
			buildSettings = {
				ALWAYS_SEARCH_USER_PATHS = NO;
				CLANG_ANALYZER_NONNULL = YES;
				CLANG_ANALYZER_NUMBER_OBJECT_CONVERSION = YES_AGGRESSIVE;
				CLANG_CXX_LANGUAGE_STANDARD = "gnu++20";
				CLANG_ENABLE_MODULES = YES;
				CLANG_ENABLE_OBJC_ARC = YES;
				CLANG_ENABLE_OBJC_WEAK = YES;
				CLANG_WARN_BLOCK_CAPTURE_AUTORELEASING = YES;
				CLANG_WARN_BOOL_CONVERSION = YES;
				CLANG_WARN_COMMA = YES;
				CLANG_WARN_CONSTANT_CONVERSION = YES;
				CLANG_WARN_DEPRECATED_OBJC_IMPLEMENTATIONS = YES;
				CLANG_WARN_DIRECT_OBJC_ISA_USAGE = YES_ERROR;
				CLANG_WARN_DOCUMENTATION_COMMENTS = YES;
				CLANG_WARN_EMPTY_BODY = YES;
				CLANG_WARN_ENUM_CONVERSION = YES;
				CLANG_WARN_INFINITE_RECURSION = YES;
				CLANG_WARN_INT_CONVERSION = YES;
				CLANG_WARN_NON_LITERAL_NULL_CONVERSION = YES;
				CLANG_WARN_OBJC_IMPLICIT_RETAIN_SELF = YES;
				CLANG_WARN_OBJC_LITERAL_CONVERSION = YES;
				CLANG_WARN_OBJC_ROOT_CLASS = YES_ERROR;
				CLANG_WARN_QUOTED_INCLUDE_IN_FRAMEWORK_HEADER = YES;
				CLANG_WARN_RANGE_LOOP_ANALYSIS = YES;
				CLANG_WARN_STRICT_PROTOTYPES = YES;
				CLANG_WARN_SUSPICIOUS_MOVE = YES;
				CLANG_WARN_UNGUARDED_AVAILABILITY = YES_AGGRESSIVE;
				CLANG_WARN_UNREACHABLE_CODE = YES;
				CLANG_WARN__DUPLICATE_METHOD_MATCH = YES;
				COPY_PHASE_STRIP = NO;
				DEBUG_INFORMATION_FORMAT = dwarf;
				ENABLE_STRICT_OBJC_MSGSEND = YES;
				ENABLE_TESTABILITY = YES;
				GCC_C_LANGUAGE_STANDARD = gnu11;
				GCC_DYNAMIC_NO_PIC = NO;
				GCC_NO_COMMON_BLOCKS = YES;
				GCC_OPTIMIZATION_LEVEL = 0;
				GCC_PREPROCESSOR_DEFINITIONS = (
					"DEBUG=1",
					"$(inherited)",
				);
				GCC_WARN_64_TO_32_BIT_CONVERSION = YES;
				GCC_WARN_ABOUT_RETURN_TYPE = YES_ERROR;
				GCC_WARN_UNDECLARED_SELECTOR = YES;
				GCC_WARN_UNINITIALIZED_AUTOS = YES_AGGRESSIVE;
				GCC_WARN_UNUSED_FUNCTION = YES;
				GCC_WARN_UNUSED_VARIABLE = YES;
				IPHONEOS_DEPLOYMENT_TARGET = 16.0;
				MTL_ENABLE_DEBUG_INFO = INCLUDE_SOURCE;
				MTL_FAST_MATH = YES;
				ONLY_ACTIVE_ARCH = YES;
				SDKROOT = iphoneos;
				SWIFT_ACTIVE_COMPILATION_CONDITIONS = DEBUG;
				SWIFT_OPTIMIZATION_LEVEL = "-Onone";
			};
			name = Debug;
		};
		A122248E2922EE7A005CAD8E /* Release */ = {
			isa = XCBuildConfiguration;
			buildSettings = {
				ALWAYS_SEARCH_USER_PATHS = NO;
				CLANG_ANALYZER_NONNULL = YES;
				CLANG_ANALYZER_NUMBER_OBJECT_CONVERSION = YES_AGGRESSIVE;
				CLANG_CXX_LANGUAGE_STANDARD = "gnu++20";
				CLANG_ENABLE_MODULES = YES;
				CLANG_ENABLE_OBJC_ARC = YES;
				CLANG_ENABLE_OBJC_WEAK = YES;
				CLANG_WARN_BLOCK_CAPTURE_AUTORELEASING = YES;
				CLANG_WARN_BOOL_CONVERSION = YES;
				CLANG_WARN_COMMA = YES;
				CLANG_WARN_CONSTANT_CONVERSION = YES;
				CLANG_WARN_DEPRECATED_OBJC_IMPLEMENTATIONS = YES;
				CLANG_WARN_DIRECT_OBJC_ISA_USAGE = YES_ERROR;
				CLANG_WARN_DOCUMENTATION_COMMENTS = YES;
				CLANG_WARN_EMPTY_BODY = YES;
				CLANG_WARN_ENUM_CONVERSION = YES;
				CLANG_WARN_INFINITE_RECURSION = YES;
				CLANG_WARN_INT_CONVERSION = YES;
				CLANG_WARN_NON_LITERAL_NULL_CONVERSION = YES;
				CLANG_WARN_OBJC_IMPLICIT_RETAIN_SELF = YES;
				CLANG_WARN_OBJC_LITERAL_CONVERSION = YES;
				CLANG_WARN_OBJC_ROOT_CLASS = YES_ERROR;
				CLANG_WARN_QUOTED_INCLUDE_IN_FRAMEWORK_HEADER = YES;
				CLANG_WARN_RANGE_LOOP_ANALYSIS = YES;
				CLANG_WARN_STRICT_PROTOTYPES = YES;
				CLANG_WARN_SUSPICIOUS_MOVE = YES;
				CLANG_WARN_UNGUARDED_AVAILABILITY = YES_AGGRESSIVE;
				CLANG_WARN_UNREACHABLE_CODE = YES;
				CLANG_WARN__DUPLICATE_METHOD_MATCH = YES;
				COPY_PHASE_STRIP = NO;
				DEBUG_INFORMATION_FORMAT = "dwarf-with-dsym";
				ENABLE_NS_ASSERTIONS = NO;
				ENABLE_STRICT_OBJC_MSGSEND = YES;
				GCC_C_LANGUAGE_STANDARD = gnu11;
				GCC_NO_COMMON_BLOCKS = YES;
				GCC_WARN_64_TO_32_BIT_CONVERSION = YES;
				GCC_WARN_ABOUT_RETURN_TYPE = YES_ERROR;
				GCC_WARN_UNDECLARED_SELECTOR = YES;
				GCC_WARN_UNINITIALIZED_AUTOS = YES_AGGRESSIVE;
				GCC_WARN_UNUSED_FUNCTION = YES;
				GCC_WARN_UNUSED_VARIABLE = YES;
				IPHONEOS_DEPLOYMENT_TARGET = 16.0;
				MTL_ENABLE_DEBUG_INFO = NO;
				MTL_FAST_MATH = YES;
				SDKROOT = iphoneos;
				SWIFT_COMPILATION_MODE = wholemodule;
				SWIFT_OPTIMIZATION_LEVEL = "-O";
				VALIDATE_PRODUCT = YES;
			};
			name = Release;
		};
		A12224902922EE7A005CAD8E /* Debug */ = {
			isa = XCBuildConfiguration;
			buildSettings = {
				ASSETCATALOG_COMPILER_APPICON_NAME = AppIcon;
				ASSETCATALOG_COMPILER_GLOBAL_ACCENT_COLOR_NAME = AccentColor;
				CODE_SIGN_STYLE = Automatic;
				CURRENT_PROJECT_VERSION = 1;
				DEVELOPMENT_TEAM = WHCBWLCWQ4;
				GENERATE_INFOPLIST_FILE = YES;
				INFOPLIST_FILE = "Tradeful-App/Resources/Info.plist";
				INFOPLIST_KEY_UIApplicationSupportsIndirectInputEvents = YES;
				INFOPLIST_KEY_UILaunchStoryboardName = LaunchScreen;
				INFOPLIST_KEY_UIMainStoryboardFile = Main;
				INFOPLIST_KEY_UISupportedInterfaceOrientations_iPad = "UIInterfaceOrientationPortrait UIInterfaceOrientationPortraitUpsideDown UIInterfaceOrientationLandscapeLeft UIInterfaceOrientationLandscapeRight";
				INFOPLIST_KEY_UISupportedInterfaceOrientations_iPhone = "UIInterfaceOrientationPortrait UIInterfaceOrientationLandscapeLeft UIInterfaceOrientationLandscapeRight";
				LD_RUNPATH_SEARCH_PATHS = (
					"$(inherited)",
					"@executable_path/Frameworks",
				);
				MARKETING_VERSION = 1.0;
				PRODUCT_BUNDLE_IDENTIFIER = "com.matheusfoliveira.Tradeful-App";
				PRODUCT_NAME = "$(TARGET_NAME)";
				SWIFT_EMIT_LOC_STRINGS = YES;
				SWIFT_VERSION = 5.0;
				TARGETED_DEVICE_FAMILY = "1,2";
			};
			name = Debug;
		};
		A12224912922EE7A005CAD8E /* Release */ = {
			isa = XCBuildConfiguration;
			buildSettings = {
				ASSETCATALOG_COMPILER_APPICON_NAME = AppIcon;
				ASSETCATALOG_COMPILER_GLOBAL_ACCENT_COLOR_NAME = AccentColor;
				CODE_SIGN_STYLE = Automatic;
				CURRENT_PROJECT_VERSION = 1;
				DEVELOPMENT_TEAM = WHCBWLCWQ4;
				GENERATE_INFOPLIST_FILE = YES;
				INFOPLIST_FILE = "Tradeful-App/Resources/Info.plist";
				INFOPLIST_KEY_UIApplicationSupportsIndirectInputEvents = YES;
				INFOPLIST_KEY_UILaunchStoryboardName = LaunchScreen;
				INFOPLIST_KEY_UIMainStoryboardFile = Main;
				INFOPLIST_KEY_UISupportedInterfaceOrientations_iPad = "UIInterfaceOrientationPortrait UIInterfaceOrientationPortraitUpsideDown UIInterfaceOrientationLandscapeLeft UIInterfaceOrientationLandscapeRight";
				INFOPLIST_KEY_UISupportedInterfaceOrientations_iPhone = "UIInterfaceOrientationPortrait UIInterfaceOrientationLandscapeLeft UIInterfaceOrientationLandscapeRight";
				LD_RUNPATH_SEARCH_PATHS = (
					"$(inherited)",
					"@executable_path/Frameworks",
				);
				MARKETING_VERSION = 1.0;
				PRODUCT_BUNDLE_IDENTIFIER = "com.matheusfoliveira.Tradeful-App";
				PRODUCT_NAME = "$(TARGET_NAME)";
				SWIFT_EMIT_LOC_STRINGS = YES;
				SWIFT_VERSION = 5.0;
				TARGETED_DEVICE_FAMILY = "1,2";
			};
			name = Release;
		};
/* End XCBuildConfiguration section */

/* Begin XCConfigurationList section */
		A12224762922EE78005CAD8E /* Build configuration list for PBXProject "Tradeful-App" */ = {
			isa = XCConfigurationList;
			buildConfigurations = (
				A122248D2922EE7A005CAD8E /* Debug */,
				A122248E2922EE7A005CAD8E /* Release */,
			);
			defaultConfigurationIsVisible = 0;
			defaultConfigurationName = Release;
		};
		A122248F2922EE7A005CAD8E /* Build configuration list for PBXNativeTarget "Tradeful-App" */ = {
			isa = XCConfigurationList;
			buildConfigurations = (
				A12224902922EE7A005CAD8E /* Debug */,
				A12224912922EE7A005CAD8E /* Release */,
			);
			defaultConfigurationIsVisible = 0;
			defaultConfigurationName = Release;
		};
/* End XCConfigurationList section */
	};
	rootObject = A12224732922EE78005CAD8E /* Project object */;
}
